
Microsoft Visual Studio Solution File, Format Version 12.00
# Visual Studio Version 17
VisualStudioVersion = 17.14.36109.1
MinimumVisualStudioVersion = 10.0.40219.1
Project("{FAE04EC0-301F-11D3-BF4B-00C04F79EFBC}") = "SpatialDbLib", "SpatialDbLib\SpatialDbLib.csproj", "{5D351811-B9B7-4E35-AE98-47D1F576F60A}"
EndProject
Project("{FAE04EC0-301F-11D3-BF4B-00C04F79EFBC}") = "SpatialDbLibTest", "SpatialDbLibTest\SpatialDbLibTest.csproj", "{7C33B80A-3A4A-4660-8472-1DAF930A3CAF}"
EndProject
Project("{FAE04EC0-301F-11D3-BF4B-00C04F79EFBC}") = "SpatialDbApp", "SpatialDbApp\SpatialDbApp.csproj", "{A95CDE95-6C46-C198-D0AD-1C6790CEED85}"
EndProject
Project("{2150E333-8FDC-42A3-9474-1A3956D46DE8}") = "Solution Items", "Solution Items", "{8EC462FD-D22E-90A8-E5CE-7E832BA40C5D}"
	ProjectSection(SolutionItems) = preProject
		.editorconfig = .editorconfig
		FuturePlansWithMichaelValentine.md = FuturePlansWithMichaelValentine.md
		LICENSE.txt = LICENSE.txt
		README.md = README.md
	EndProjectSection
EndProject
Project("{FAE04EC0-301F-11D3-BF4B-00C04F79EFBC}") = "SpatialGame", "SpatialGame\SpatialGame.csproj", "{A68D7C78-7474-4C1E-95D9-9F09E33642EF}"
EndProject
Project("{FAE04EC0-301F-11D3-BF4B-00C04F79EFBC}") = "SpatialGameTest", "SpatialGameTest\SpatialGameTest.csproj", "{D6951B74-3D69-45BA-8447-A5352299127B}"
EndProject
Project("{FAE04EC0-301F-11D3-BF4B-00C04F79EFBC}") = "ShadowMapDemo", "..\helix-toolkit-develop3\Source\Examples\WPF.SharpDX\ShadowMapDemo\ShadowMapDemo.csproj", "{C95FBC22-DAB6-659D-57D8-C26AB5C74346}"
EndProject
Project("{FAE04EC0-301F-11D3-BF4B-00C04F79EFBC}") = "LightingDemo", "..\helix-toolkit-develop3\Source\Examples\WPF.SharpDX\LightingDemo\LightingDemo.csproj", "{B987188E-D1DF-262B-8380-6A7343160BE9}"
EndProject
Project("{FAE04EC0-301F-11D3-BF4B-00C04F79EFBC}") = "SparseLattice", "SparseLattice\SparseLattice.csproj", "{C077DDFE-49FC-44F3-937C-C9C23459876C}"
EndProject
Project("{FAE04EC0-301F-11D3-BF4B-00C04F79EFBC}") = "SparseLattice.Test", "SparseLattice.Test\SparseLattice.Test.csproj", "{1549C9F4-786F-41AA-953D-E8A5079EBB1E}"
EndProject
Project("{FAE04EC0-301F-11D3-BF4B-00C04F79EFBC}") = "LocalVisualStudioCopilot", "..\LVSCP\LocalVisualStudioCopilot\LocalVisualStudioCopilot.csproj", "{4F5CE4EC-8245-41F6-1747-74D32607C52D}"
EndProject
Project("{FAE04EC0-301F-11D3-BF4B-00C04F79EFBC}") = "SparseLattice.Perf", "SparseLattice.Perf\SparseLattice.Perf.csproj", "{0BC96CCA-2479-DB20-2209-834F97F2AC0C}"
EndProject
Project("{FAE04EC0-301F-11D3-BF4B-00C04F79EFBC}") = "NeuralNavigator", "NeuralNavigator\NeuralNavigator.csproj", "{02B9656F-9FB5-43DD-9BDE-D8B3B1ECA153}"
EndProject
Project("{FAE04EC0-301F-11D3-BF4B-00C04F79EFBC}") = "Spark", "Spark\Spark.csproj", "{7F594281-2B37-4D9C-9BA7-070004BA162A}"
EndProject
Project("{FAE04EC0-301F-11D3-BF4B-00C04F79EFBC}") = "Common.Core", "Common.Core\Common.Core.csproj", "{06DC113C-E5FE-421F-A49A-38F9E55A6B67}"
EndProject
Project("{FAE04EC0-301F-11D3-BF4B-00C04F79EFBC}") = "Common.Wpf", "Common.Wpf\Common.Wpf.csproj", "{10411F00-5B22-4759-9CC5-B71FD57565DF}"
EndProject
Global
	GlobalSection(SolutionConfigurationPlatforms) = preSolution
		Debug|Any CPU = Debug|Any CPU
		Debug|x64 = Debug|x64
		Debug|x86 = Debug|x86
		Diagnostic|Any CPU = Diagnostic|Any CPU
		Diagnostic|x64 = Diagnostic|x64
		Diagnostic|x86 = Diagnostic|x86
		Release|Any CPU = Release|Any CPU
		Release|x64 = Release|x64
		Release|x86 = Release|x86
	EndGlobalSection
	GlobalSection(ProjectConfigurationPlatforms) = postSolution
		{5D351811-B9B7-4E35-AE98-47D1F576F60A}.Debug|Any CPU.ActiveCfg = Debug|Any CPU
		{5D351811-B9B7-4E35-AE98-47D1F576F60A}.Debug|Any CPU.Build.0 = Debug|Any CPU
		{5D351811-B9B7-4E35-AE98-47D1F576F60A}.Debug|x64.ActiveCfg = Debug|Any CPU
		{5D351811-B9B7-4E35-AE98-47D1F576F60A}.Debug|x64.Build.0 = Debug|Any CPU
		{5D351811-B9B7-4E35-AE98-47D1F576F60A}.Debug|x86.ActiveCfg = Debug|Any CPU
		{5D351811-B9B7-4E35-AE98-47D1F576F60A}.Debug|x86.Build.0 = Debug|Any CPU
		{5D351811-B9B7-4E35-AE98-47D1F576F60A}.Diagnostic|Any CPU.ActiveCfg = Diagnostic|Any CPU
		{5D351811-B9B7-4E35-AE98-47D1F576F60A}.Diagnostic|Any CPU.Build.0 = Diagnostic|Any CPU
		{5D351811-B9B7-4E35-AE98-47D1F576F60A}.Diagnostic|x64.ActiveCfg = Diagnostic|Any CPU
		{5D351811-B9B7-4E35-AE98-47D1F576F60A}.Diagnostic|x64.Build.0 = Diagnostic|Any CPU
		{5D351811-B9B7-4E35-AE98-47D1F576F60A}.Diagnostic|x86.ActiveCfg = Diagnostic|Any CPU
		{5D351811-B9B7-4E35-AE98-47D1F576F60A}.Diagnostic|x86.Build.0 = Diagnostic|Any CPU
		{5D351811-B9B7-4E35-AE98-47D1F576F60A}.Release|Any CPU.ActiveCfg = Release|Any CPU
		{5D351811-B9B7-4E35-AE98-47D1F576F60A}.Release|Any CPU.Build.0 = Release|Any CPU
		{5D351811-B9B7-4E35-AE98-47D1F576F60A}.Release|x64.ActiveCfg = Release|Any CPU
		{5D351811-B9B7-4E35-AE98-47D1F576F60A}.Release|x64.Build.0 = Release|Any CPU
		{5D351811-B9B7-4E35-AE98-47D1F576F60A}.Release|x86.ActiveCfg = Release|Any CPU
		{5D351811-B9B7-4E35-AE98-47D1F576F60A}.Release|x86.Build.0 = Release|Any CPU
		{7C33B80A-3A4A-4660-8472-1DAF930A3CAF}.Debug|Any CPU.ActiveCfg = Debug|Any CPU
		{7C33B80A-3A4A-4660-8472-1DAF930A3CAF}.Debug|Any CPU.Build.0 = Debug|Any CPU
		{7C33B80A-3A4A-4660-8472-1DAF930A3CAF}.Debug|x64.ActiveCfg = Debug|Any CPU
		{7C33B80A-3A4A-4660-8472-1DAF930A3CAF}.Debug|x64.Build.0 = Debug|Any CPU
		{7C33B80A-3A4A-4660-8472-1DAF930A3CAF}.Debug|x86.ActiveCfg = Debug|Any CPU
		{7C33B80A-3A4A-4660-8472-1DAF930A3CAF}.Debug|x86.Build.0 = Debug|Any CPU
		{7C33B80A-3A4A-4660-8472-1DAF930A3CAF}.Diagnostic|Any CPU.ActiveCfg = Diagnostic|Any CPU
		{7C33B80A-3A4A-4660-8472-1DAF930A3CAF}.Diagnostic|Any CPU.Build.0 = Diagnostic|Any CPU
		{7C33B80A-3A4A-4660-8472-1DAF930A3CAF}.Diagnostic|x64.ActiveCfg = Diagnostic|Any CPU
		{7C33B80A-3A4A-4660-8472-1DAF930A3CAF}.Diagnostic|x64.Build.0 = Diagnostic|Any CPU
		{7C33B80A-3A4A-4660-8472-1DAF930A3CAF}.Diagnostic|x86.ActiveCfg = Diagnostic|Any CPU
		{7C33B80A-3A4A-4660-8472-1DAF930A3CAF}.Diagnostic|x86.Build.0 = Diagnostic|Any CPU
		{7C33B80A-3A4A-4660-8472-1DAF930A3CAF}.Release|Any CPU.ActiveCfg = Release|Any CPU
		{7C33B80A-3A4A-4660-8472-1DAF930A3CAF}.Release|Any CPU.Build.0 = Release|Any CPU
		{7C33B80A-3A4A-4660-8472-1DAF930A3CAF}.Release|x64.ActiveCfg = Release|Any CPU
		{7C33B80A-3A4A-4660-8472-1DAF930A3CAF}.Release|x64.Build.0 = Release|Any CPU
		{7C33B80A-3A4A-4660-8472-1DAF930A3CAF}.Release|x86.ActiveCfg = Release|Any CPU
		{7C33B80A-3A4A-4660-8472-1DAF930A3CAF}.Release|x86.Build.0 = Release|Any CPU
		{A95CDE95-6C46-C198-D0AD-1C6790CEED85}.Debug|Any CPU.ActiveCfg = Debug|Any CPU
		{A95CDE95-6C46-C198-D0AD-1C6790CEED85}.Debug|Any CPU.Build.0 = Debug|Any CPU
		{A95CDE95-6C46-C198-D0AD-1C6790CEED85}.Debug|x64.ActiveCfg = Debug|Any CPU
		{A95CDE95-6C46-C198-D0AD-1C6790CEED85}.Debug|x64.Build.0 = Debug|Any CPU
		{A95CDE95-6C46-C198-D0AD-1C6790CEED85}.Debug|x86.ActiveCfg = Debug|Any CPU
		{A95CDE95-6C46-C198-D0AD-1C6790CEED85}.Debug|x86.Build.0 = Debug|Any CPU
		{A95CDE95-6C46-C198-D0AD-1C6790CEED85}.Diagnostic|Any CPU.ActiveCfg = Diagnostic|Any CPU
		{A95CDE95-6C46-C198-D0AD-1C6790CEED85}.Diagnostic|Any CPU.Build.0 = Diagnostic|Any CPU
		{A95CDE95-6C46-C198-D0AD-1C6790CEED85}.Diagnostic|x64.ActiveCfg = Diagnostic|Any CPU
		{A95CDE95-6C46-C198-D0AD-1C6790CEED85}.Diagnostic|x64.Build.0 = Diagnostic|Any CPU
		{A95CDE95-6C46-C198-D0AD-1C6790CEED85}.Diagnostic|x86.ActiveCfg = Diagnostic|Any CPU
		{A95CDE95-6C46-C198-D0AD-1C6790CEED85}.Diagnostic|x86.Build.0 = Diagnostic|Any CPU
		{A95CDE95-6C46-C198-D0AD-1C6790CEED85}.Release|Any CPU.ActiveCfg = Release|Any CPU
		{A95CDE95-6C46-C198-D0AD-1C6790CEED85}.Release|Any CPU.Build.0 = Release|Any CPU
		{A95CDE95-6C46-C198-D0AD-1C6790CEED85}.Release|x64.ActiveCfg = Release|Any CPU
		{A95CDE95-6C46-C198-D0AD-1C6790CEED85}.Release|x64.Build.0 = Release|Any CPU
		{A95CDE95-6C46-C198-D0AD-1C6790CEED85}.Release|x86.ActiveCfg = Release|Any CPU
		{A95CDE95-6C46-C198-D0AD-1C6790CEED85}.Release|x86.Build.0 = Release|Any CPU
		{A68D7C78-7474-4C1E-95D9-9F09E33642EF}.Debug|Any CPU.ActiveCfg = Debug|Any CPU
		{A68D7C78-7474-4C1E-95D9-9F09E33642EF}.Debug|Any CPU.Build.0 = Debug|Any CPU
		{A68D7C78-7474-4C1E-95D9-9F09E33642EF}.Debug|x64.ActiveCfg = Debug|Any CPU
		{A68D7C78-7474-4C1E-95D9-9F09E33642EF}.Debug|x64.Build.0 = Debug|Any CPU
		{A68D7C78-7474-4C1E-95D9-9F09E33642EF}.Debug|x86.ActiveCfg = Debug|Any CPU
		{A68D7C78-7474-4C1E-95D9-9F09E33642EF}.Debug|x86.Build.0 = Debug|Any CPU
		{A68D7C78-7474-4C1E-95D9-9F09E33642EF}.Diagnostic|Any CPU.ActiveCfg = Debug|Any CPU
		{A68D7C78-7474-4C1E-95D9-9F09E33642EF}.Diagnostic|Any CPU.Build.0 = Debug|Any CPU
		{A68D7C78-7474-4C1E-95D9-9F09E33642EF}.Diagnostic|x64.ActiveCfg = Diagnostic|Any CPU
		{A68D7C78-7474-4C1E-95D9-9F09E33642EF}.Diagnostic|x64.Build.0 = Diagnostic|Any CPU
		{A68D7C78-7474-4C1E-95D9-9F09E33642EF}.Diagnostic|x86.ActiveCfg = Diagnostic|Any CPU
		{A68D7C78-7474-4C1E-95D9-9F09E33642EF}.Diagnostic|x86.Build.0 = Diagnostic|Any CPU
		{A68D7C78-7474-4C1E-95D9-9F09E33642EF}.Release|Any CPU.ActiveCfg = Release|Any CPU
		{A68D7C78-7474-4C1E-95D9-9F09E33642EF}.Release|Any CPU.Build.0 = Release|Any CPU
		{A68D7C78-7474-4C1E-95D9-9F09E33642EF}.Release|x64.ActiveCfg = Release|Any CPU
		{A68D7C78-7474-4C1E-95D9-9F09E33642EF}.Release|x64.Build.0 = Release|Any CPU
		{A68D7C78-7474-4C1E-95D9-9F09E33642EF}.Release|x86.ActiveCfg = Release|Any CPU
		{A68D7C78-7474-4C1E-95D9-9F09E33642EF}.Release|x86.Build.0 = Release|Any CPU
		{D6951B74-3D69-45BA-8447-A5352299127B}.Debug|Any CPU.ActiveCfg = Debug|Any CPU
		{D6951B74-3D69-45BA-8447-A5352299127B}.Debug|Any CPU.Build.0 = Debug|Any CPU
		{D6951B74-3D69-45BA-8447-A5352299127B}.Debug|x64.ActiveCfg = Debug|Any CPU
		{D6951B74-3D69-45BA-8447-A5352299127B}.Debug|x64.Build.0 = Debug|Any CPU
		{D6951B74-3D69-45BA-8447-A5352299127B}.Debug|x86.ActiveCfg = Debug|Any CPU
		{D6951B74-3D69-45BA-8447-A5352299127B}.Debug|x86.Build.0 = Debug|Any CPU
		{D6951B74-3D69-45BA-8447-A5352299127B}.Diagnostic|Any CPU.ActiveCfg = Debug|Any CPU
		{D6951B74-3D69-45BA-8447-A5352299127B}.Diagnostic|Any CPU.Build.0 = Debug|Any CPU
		{D6951B74-3D69-45BA-8447-A5352299127B}.Diagnostic|x64.ActiveCfg = Diagnostic|Any CPU
		{D6951B74-3D69-45BA-8447-A5352299127B}.Diagnostic|x64.Build.0 = Diagnostic|Any CPU
		{D6951B74-3D69-45BA-8447-A5352299127B}.Diagnostic|x86.ActiveCfg = Diagnostic|Any CPU
		{D6951B74-3D69-45BA-8447-A5352299127B}.Diagnostic|x86.Build.0 = Diagnostic|Any CPU
		{D6951B74-3D69-45BA-8447-A5352299127B}.Release|Any CPU.ActiveCfg = Release|Any CPU
		{D6951B74-3D69-45BA-8447-A5352299127B}.Release|Any CPU.Build.0 = Release|Any CPU
		{D6951B74-3D69-45BA-8447-A5352299127B}.Release|x64.ActiveCfg = Release|Any CPU
		{D6951B74-3D69-45BA-8447-A5352299127B}.Release|x64.Build.0 = Release|Any CPU
		{D6951B74-3D69-45BA-8447-A5352299127B}.Release|x86.ActiveCfg = Release|Any CPU
		{D6951B74-3D69-45BA-8447-A5352299127B}.Release|x86.Build.0 = Release|Any CPU
		{C95FBC22-DAB6-659D-57D8-C26AB5C74346}.Debug|Any CPU.ActiveCfg = Debug|Any CPU
		{C95FBC22-DAB6-659D-57D8-C26AB5C74346}.Debug|Any CPU.Build.0 = Debug|Any CPU
		{C95FBC22-DAB6-659D-57D8-C26AB5C74346}.Debug|x64.ActiveCfg = Debug|Any CPU
		{C95FBC22-DAB6-659D-57D8-C26AB5C74346}.Debug|x64.Build.0 = Debug|Any CPU
		{C95FBC22-DAB6-659D-57D8-C26AB5C74346}.Debug|x86.ActiveCfg = Debug|Any CPU
		{C95FBC22-DAB6-659D-57D8-C26AB5C74346}.Debug|x86.Build.0 = Debug|Any CPU
		{C95FBC22-DAB6-659D-57D8-C26AB5C74346}.Diagnostic|Any CPU.ActiveCfg = Debug|Any CPU
		{C95FBC22-DAB6-659D-57D8-C26AB5C74346}.Diagnostic|Any CPU.Build.0 = Debug|Any CPU
		{C95FBC22-DAB6-659D-57D8-C26AB5C74346}.Diagnostic|x64.ActiveCfg = Diagnostic|Any CPU
		{C95FBC22-DAB6-659D-57D8-C26AB5C74346}.Diagnostic|x64.Build.0 = Diagnostic|Any CPU
		{C95FBC22-DAB6-659D-57D8-C26AB5C74346}.Diagnostic|x86.ActiveCfg = Diagnostic|Any CPU
		{C95FBC22-DAB6-659D-57D8-C26AB5C74346}.Diagnostic|x86.Build.0 = Diagnostic|Any CPU
		{C95FBC22-DAB6-659D-57D8-C26AB5C74346}.Release|Any CPU.ActiveCfg = Release|Any CPU
		{C95FBC22-DAB6-659D-57D8-C26AB5C74346}.Release|Any CPU.Build.0 = Release|Any CPU
		{C95FBC22-DAB6-659D-57D8-C26AB5C74346}.Release|x64.ActiveCfg = Release|Any CPU
		{C95FBC22-DAB6-659D-57D8-C26AB5C74346}.Release|x64.Build.0 = Release|Any CPU
		{C95FBC22-DAB6-659D-57D8-C26AB5C74346}.Release|x86.ActiveCfg = Release|Any CPU
		{C95FBC22-DAB6-659D-57D8-C26AB5C74346}.Release|x86.Build.0 = Release|Any CPU
		{B987188E-D1DF-262B-8380-6A7343160BE9}.Debug|Any CPU.ActiveCfg = Debug|Any CPU
		{B987188E-D1DF-262B-8380-6A7343160BE9}.Debug|Any CPU.Build.0 = Debug|Any CPU
		{B987188E-D1DF-262B-8380-6A7343160BE9}.Debug|x64.ActiveCfg = Debug|Any CPU
		{B987188E-D1DF-262B-8380-6A7343160BE9}.Debug|x64.Build.0 = Debug|Any CPU
		{B987188E-D1DF-262B-8380-6A7343160BE9}.Debug|x86.ActiveCfg = Debug|Any CPU
		{B987188E-D1DF-262B-8380-6A7343160BE9}.Debug|x86.Build.0 = Debug|Any CPU
		{B987188E-D1DF-262B-8380-6A7343160BE9}.Diagnostic|Any CPU.ActiveCfg = Release|Any CPU
		{B987188E-D1DF-262B-8380-6A7343160BE9}.Diagnostic|Any CPU.Build.0 = Release|Any CPU
		{B987188E-D1DF-262B-8380-6A7343160BE9}.Diagnostic|x64.ActiveCfg = Diagnostic|Any CPU
		{B987188E-D1DF-262B-8380-6A7343160BE9}.Diagnostic|x64.Build.0 = Diagnostic|Any CPU
		{B987188E-D1DF-262B-8380-6A7343160BE9}.Diagnostic|x86.ActiveCfg = Diagnostic|Any CPU
		{B987188E-D1DF-262B-8380-6A7343160BE9}.Diagnostic|x86.Build.0 = Diagnostic|Any CPU
		{B987188E-D1DF-262B-8380-6A7343160BE9}.Release|Any CPU.ActiveCfg = Release|Any CPU
		{B987188E-D1DF-262B-8380-6A7343160BE9}.Release|Any CPU.Build.0 = Release|Any CPU
		{B987188E-D1DF-262B-8380-6A7343160BE9}.Release|x64.ActiveCfg = Release|Any CPU
		{B987188E-D1DF-262B-8380-6A7343160BE9}.Release|x64.Build.0 = Release|Any CPU
		{B987188E-D1DF-262B-8380-6A7343160BE9}.Release|x86.ActiveCfg = Release|Any CPU
		{B987188E-D1DF-262B-8380-6A7343160BE9}.Release|x86.Build.0 = Release|Any CPU
		{C077DDFE-49FC-44F3-937C-C9C23459876C}.Debug|Any CPU.ActiveCfg = Debug|Any CPU
		{C077DDFE-49FC-44F3-937C-C9C23459876C}.Debug|Any CPU.Build.0 = Debug|Any CPU
		{C077DDFE-49FC-44F3-937C-C9C23459876C}.Debug|x64.ActiveCfg = Debug|Any CPU
		{C077DDFE-49FC-44F3-937C-C9C23459876C}.Debug|x64.Build.0 = Debug|Any CPU
		{C077DDFE-49FC-44F3-937C-C9C23459876C}.Debug|x86.ActiveCfg = Debug|Any CPU
		{C077DDFE-49FC-44F3-937C-C9C23459876C}.Debug|x86.Build.0 = Debug|Any CPU
		{C077DDFE-49FC-44F3-937C-C9C23459876C}.Diagnostic|Any CPU.ActiveCfg = Release|Any CPU
		{C077DDFE-49FC-44F3-937C-C9C23459876C}.Diagnostic|Any CPU.Build.0 = Release|Any CPU
		{C077DDFE-49FC-44F3-937C-C9C23459876C}.Diagnostic|x64.ActiveCfg = Diagnostic|Any CPU
		{C077DDFE-49FC-44F3-937C-C9C23459876C}.Diagnostic|x64.Build.0 = Diagnostic|Any CPU
		{C077DDFE-49FC-44F3-937C-C9C23459876C}.Diagnostic|x86.ActiveCfg = Diagnostic|Any CPU
		{C077DDFE-49FC-44F3-937C-C9C23459876C}.Diagnostic|x86.Build.0 = Diagnostic|Any CPU
		{C077DDFE-49FC-44F3-937C-C9C23459876C}.Release|Any CPU.ActiveCfg = Release|Any CPU
		{C077DDFE-49FC-44F3-937C-C9C23459876C}.Release|Any CPU.Build.0 = Release|Any CPU
		{C077DDFE-49FC-44F3-937C-C9C23459876C}.Release|x64.ActiveCfg = Release|Any CPU
		{C077DDFE-49FC-44F3-937C-C9C23459876C}.Release|x64.Build.0 = Release|Any CPU
		{C077DDFE-49FC-44F3-937C-C9C23459876C}.Release|x86.ActiveCfg = Release|Any CPU
		{C077DDFE-49FC-44F3-937C-C9C23459876C}.Release|x86.Build.0 = Release|Any CPU
		{1549C9F4-786F-41AA-953D-E8A5079EBB1E}.Debug|Any CPU.ActiveCfg = Debug|Any CPU
		{1549C9F4-786F-41AA-953D-E8A5079EBB1E}.Debug|Any CPU.Build.0 = Debug|Any CPU
		{1549C9F4-786F-41AA-953D-E8A5079EBB1E}.Debug|x64.ActiveCfg = Debug|Any CPU
		{1549C9F4-786F-41AA-953D-E8A5079EBB1E}.Debug|x64.Build.0 = Debug|Any CPU
		{1549C9F4-786F-41AA-953D-E8A5079EBB1E}.Debug|x86.ActiveCfg = Debug|Any CPU
		{1549C9F4-786F-41AA-953D-E8A5079EBB1E}.Debug|x86.Build.0 = Debug|Any CPU
		{1549C9F4-786F-41AA-953D-E8A5079EBB1E}.Diagnostic|Any CPU.ActiveCfg = Release|Any CPU
		{1549C9F4-786F-41AA-953D-E8A5079EBB1E}.Diagnostic|Any CPU.Build.0 = Release|Any CPU
		{1549C9F4-786F-41AA-953D-E8A5079EBB1E}.Diagnostic|x64.ActiveCfg = Diagnostic|Any CPU
		{1549C9F4-786F-41AA-953D-E8A5079EBB1E}.Diagnostic|x64.Build.0 = Diagnostic|Any CPU
		{1549C9F4-786F-41AA-953D-E8A5079EBB1E}.Diagnostic|x86.ActiveCfg = Diagnostic|Any CPU
		{1549C9F4-786F-41AA-953D-E8A5079EBB1E}.Diagnostic|x86.Build.0 = Diagnostic|Any CPU
		{1549C9F4-786F-41AA-953D-E8A5079EBB1E}.Release|Any CPU.ActiveCfg = Release|Any CPU
		{1549C9F4-786F-41AA-953D-E8A5079EBB1E}.Release|Any CPU.Build.0 = Release|Any CPU
		{1549C9F4-786F-41AA-953D-E8A5079EBB1E}.Release|x64.ActiveCfg = Release|Any CPU
		{1549C9F4-786F-41AA-953D-E8A5079EBB1E}.Release|x64.Build.0 = Release|Any CPU
		{1549C9F4-786F-41AA-953D-E8A5079EBB1E}.Release|x86.ActiveCfg = Release|Any CPU
		{1549C9F4-786F-41AA-953D-E8A5079EBB1E}.Release|x86.Build.0 = Release|Any CPU
		{4F5CE4EC-8245-41F6-1747-74D32607C52D}.Debug|Any CPU.ActiveCfg = Debug|Any CPU
		{4F5CE4EC-8245-41F6-1747-74D32607C52D}.Debug|Any CPU.Build.0 = Debug|Any CPU
		{4F5CE4EC-8245-41F6-1747-74D32607C52D}.Debug|Any CPU.Deploy.0 = Debug|Any CPU
		{4F5CE4EC-8245-41F6-1747-74D32607C52D}.Debug|x64.ActiveCfg = Debug|Any CPU
		{4F5CE4EC-8245-41F6-1747-74D32607C52D}.Debug|x64.Build.0 = Debug|Any CPU
		{4F5CE4EC-8245-41F6-1747-74D32607C52D}.Debug|x86.ActiveCfg = Debug|Any CPU
		{4F5CE4EC-8245-41F6-1747-74D32607C52D}.Debug|x86.Build.0 = Debug|Any CPU
		{4F5CE4EC-8245-41F6-1747-74D32607C52D}.Diagnostic|Any CPU.ActiveCfg = Release|Any CPU
		{4F5CE4EC-8245-41F6-1747-74D32607C52D}.Diagnostic|Any CPU.Build.0 = Release|Any CPU
		{4F5CE4EC-8245-41F6-1747-74D32607C52D}.Diagnostic|Any CPU.Deploy.0 = Release|Any CPU
		{4F5CE4EC-8245-41F6-1747-74D32607C52D}.Diagnostic|x64.ActiveCfg = Diagnostic|Any CPU
		{4F5CE4EC-8245-41F6-1747-74D32607C52D}.Diagnostic|x64.Build.0 = Diagnostic|Any CPU
		{4F5CE4EC-8245-41F6-1747-74D32607C52D}.Diagnostic|x86.ActiveCfg = Diagnostic|Any CPU
		{4F5CE4EC-8245-41F6-1747-74D32607C52D}.Diagnostic|x86.Build.0 = Diagnostic|Any CPU
		{4F5CE4EC-8245-41F6-1747-74D32607C52D}.Release|Any CPU.ActiveCfg = Release|Any CPU
		{4F5CE4EC-8245-41F6-1747-74D32607C52D}.Release|Any CPU.Build.0 = Release|Any CPU
		{4F5CE4EC-8245-41F6-1747-74D32607C52D}.Release|Any CPU.Deploy.0 = Release|Any CPU
		{4F5CE4EC-8245-41F6-1747-74D32607C52D}.Release|x64.ActiveCfg = Release|Any CPU
		{4F5CE4EC-8245-41F6-1747-74D32607C52D}.Release|x64.Build.0 = Release|Any CPU
		{4F5CE4EC-8245-41F6-1747-74D32607C52D}.Release|x86.ActiveCfg = Release|Any CPU
		{4F5CE4EC-8245-41F6-1747-74D32607C52D}.Release|x86.Build.0 = Release|Any CPU
		{0BC96CCA-2479-DB20-2209-834F97F2AC0C}.Debug|Any CPU.ActiveCfg = Debug|Any CPU
		{0BC96CCA-2479-DB20-2209-834F97F2AC0C}.Debug|Any CPU.Build.0 = Debug|Any CPU
		{0BC96CCA-2479-DB20-2209-834F97F2AC0C}.Debug|x64.ActiveCfg = Debug|Any CPU
		{0BC96CCA-2479-DB20-2209-834F97F2AC0C}.Debug|x64.Build.0 = Debug|Any CPU
		{0BC96CCA-2479-DB20-2209-834F97F2AC0C}.Debug|x86.ActiveCfg = Debug|Any CPU
		{0BC96CCA-2479-DB20-2209-834F97F2AC0C}.Debug|x86.Build.0 = Debug|Any CPU
		{0BC96CCA-2479-DB20-2209-834F97F2AC0C}.Diagnostic|Any CPU.ActiveCfg = Release|Any CPU
		{0BC96CCA-2479-DB20-2209-834F97F2AC0C}.Diagnostic|Any CPU.Build.0 = Release|Any CPU
		{0BC96CCA-2479-DB20-2209-834F97F2AC0C}.Diagnostic|x64.ActiveCfg = Diagnostic|Any CPU
		{0BC96CCA-2479-DB20-2209-834F97F2AC0C}.Diagnostic|x64.Build.0 = Diagnostic|Any CPU
		{0BC96CCA-2479-DB20-2209-834F97F2AC0C}.Diagnostic|x86.ActiveCfg = Diagnostic|Any CPU
		{0BC96CCA-2479-DB20-2209-834F97F2AC0C}.Diagnostic|x86.Build.0 = Diagnostic|Any CPU
		{0BC96CCA-2479-DB20-2209-834F97F2AC0C}.Release|Any CPU.ActiveCfg = Release|Any CPU
		{0BC96CCA-2479-DB20-2209-834F97F2AC0C}.Release|Any CPU.Build.0 = Release|Any CPU
		{0BC96CCA-2479-DB20-2209-834F97F2AC0C}.Release|x64.ActiveCfg = Release|Any CPU
		{0BC96CCA-2479-DB20-2209-834F97F2AC0C}.Release|x64.Build.0 = Release|Any CPU
		{0BC96CCA-2479-DB20-2209-834F97F2AC0C}.Release|x86.ActiveCfg = Release|Any CPU
		{0BC96CCA-2479-DB20-2209-834F97F2AC0C}.Release|x86.Build.0 = Release|Any CPU
		{02B9656F-9FB5-43DD-9BDE-D8B3B1ECA153}.Debug|Any CPU.ActiveCfg = Debug|Any CPU
		{02B9656F-9FB5-43DD-9BDE-D8B3B1ECA153}.Debug|Any CPU.Build.0 = Debug|Any CPU
		{02B9656F-9FB5-43DD-9BDE-D8B3B1ECA153}.Debug|x64.ActiveCfg = Debug|Any CPU
		{02B9656F-9FB5-43DD-9BDE-D8B3B1ECA153}.Debug|x64.Build.0 = Debug|Any CPU
		{02B9656F-9FB5-43DD-9BDE-D8B3B1ECA153}.Debug|x86.ActiveCfg = Debug|Any CPU
		{02B9656F-9FB5-43DD-9BDE-D8B3B1ECA153}.Debug|x86.Build.0 = Debug|Any CPU
		{02B9656F-9FB5-43DD-9BDE-D8B3B1ECA153}.Diagnostic|Any CPU.ActiveCfg = Debug|Any CPU
		{02B9656F-9FB5-43DD-9BDE-D8B3B1ECA153}.Diagnostic|Any CPU.Build.0 = Debug|Any CPU
		{02B9656F-9FB5-43DD-9BDE-D8B3B1ECA153}.Diagnostic|x64.ActiveCfg = Debug|Any CPU
		{02B9656F-9FB5-43DD-9BDE-D8B3B1ECA153}.Diagnostic|x64.Build.0 = Debug|Any CPU
		{02B9656F-9FB5-43DD-9BDE-D8B3B1ECA153}.Diagnostic|x86.ActiveCfg = Debug|Any CPU
		{02B9656F-9FB5-43DD-9BDE-D8B3B1ECA153}.Diagnostic|x86.Build.0 = Debug|Any CPU
		{02B9656F-9FB5-43DD-9BDE-D8B3B1ECA153}.Release|Any CPU.ActiveCfg = Release|Any CPU
		{02B9656F-9FB5-43DD-9BDE-D8B3B1ECA153}.Release|Any CPU.Build.0 = Release|Any CPU
		{02B9656F-9FB5-43DD-9BDE-D8B3B1ECA153}.Release|x64.ActiveCfg = Release|Any CPU
		{02B9656F-9FB5-43DD-9BDE-D8B3B1ECA153}.Release|x64.Build.0 = Release|Any CPU
		{02B9656F-9FB5-43DD-9BDE-D8B3B1ECA153}.Release|x86.ActiveCfg = Release|Any CPU
		{02B9656F-9FB5-43DD-9BDE-D8B3B1ECA153}.Release|x86.Build.0 = Release|Any CPU
		{7F594281-2B37-4D9C-9BA7-070004BA162A}.Debug|Any CPU.ActiveCfg = Debug|Any CPU
		{7F594281-2B37-4D9C-9BA7-070004BA162A}.Debug|Any CPU.Build.0 = Debug|Any CPU
		{7F594281-2B37-4D9C-9BA7-070004BA162A}.Debug|x64.ActiveCfg = Debug|Any CPU
		{7F594281-2B37-4D9C-9BA7-070004BA162A}.Debug|x64.Build.0 = Debug|Any CPU
		{7F594281-2B37-4D9C-9BA7-070004BA162A}.Debug|x86.ActiveCfg = Debug|Any CPU
		{7F594281-2B37-4D9C-9BA7-070004BA162A}.Debug|x86.Build.0 = Debug|Any CPU
		{7F594281-2B37-4D9C-9BA7-070004BA162A}.Diagnostic|Any CPU.ActiveCfg = Release|Any CPU
		{7F594281-2B37-4D9C-9BA7-070004BA162A}.Diagnostic|Any CPU.Build.0 = Release|Any CPU
		{7F594281-2B37-4D9C-9BA7-070004BA162A}.Diagnostic|x64.ActiveCfg = Release|Any CPU
		{7F594281-2B37-4D9C-9BA7-070004BA162A}.Diagnostic|x64.Build.0 = Release|Any CPU
		{7F594281-2B37-4D9C-9BA7-070004BA162A}.Diagnostic|x86.ActiveCfg = Release|Any CPU
		{7F594281-2B37-4D9C-9BA7-070004BA162A}.Diagnostic|x86.Build.0 = Release|Any CPU
		{7F594281-2B37-4D9C-9BA7-070004BA162A}.Release|Any CPU.ActiveCfg = Release|Any CPU
		{7F594281-2B37-4D9C-9BA7-070004BA162A}.Release|Any CPU.Build.0 = Release|Any CPU
		{7F594281-2B37-4D9C-9BA7-070004BA162A}.Release|x64.ActiveCfg = Release|Any CPU
		{7F594281-2B37-4D9C-9BA7-070004BA162A}.Release|x64.Build.0 = Release|Any CPU
		{7F594281-2B37-4D9C-9BA7-070004BA162A}.Release|x86.ActiveCfg = Release|Any CPU
		{7F594281-2B37-4D9C-9BA7-070004BA162A}.Release|x86.Build.0 = Release|Any CPU
		{06DC113C-E5FE-421F-A49A-38F9E55A6B67}.Debug|Any CPU.ActiveCfg = Debug|Any CPU
		{06DC113C-E5FE-421F-A49A-38F9E55A6B67}.Debug|Any CPU.Build.0 = Debug|Any CPU
		{06DC113C-E5FE-421F-A49A-38F9E55A6B67}.Debug|x64.ActiveCfg = Debug|Any CPU
		{06DC113C-E5FE-421F-A49A-38F9E55A6B67}.Debug|x64.Build.0 = Debug|Any CPU
		{06DC113C-E5FE-421F-A49A-38F9E55A6B67}.Debug|x86.ActiveCfg = Debug|Any CPU
		{06DC113C-E5FE-421F-A49A-38F9E55A6B67}.Debug|x86.Build.0 = Debug|Any CPU
		{06DC113C-E5FE-421F-A49A-38F9E55A6B67}.Diagnostic|Any CPU.ActiveCfg = Debug|Any CPU
		{06DC113C-E5FE-421F-A49A-38F9E55A6B67}.Diagnostic|Any CPU.Build.0 = Debug|Any CPU
		{06DC113C-E5FE-421F-A49A-38F9E55A6B67}.Diagnostic|x64.ActiveCfg = Debug|Any CPU
		{06DC113C-E5FE-421F-A49A-38F9E55A6B67}.Diagnostic|x64.Build.0 = Debug|Any CPU
		{06DC113C-E5FE-421F-A49A-38F9E55A6B67}.Diagnostic|x86.ActiveCfg = Debug|Any CPU
		{06DC113C-E5FE-421F-A49A-38F9E55A6B67}.Diagnostic|x86.Build.0 = Debug|Any CPU
		{06DC113C-E5FE-421F-A49A-38F9E55A6B67}.Release|Any CPU.ActiveCfg = Release|Any CPU
		{06DC113C-E5FE-421F-A49A-38F9E55A6B67}.Release|Any CPU.Build.0 = Release|Any CPU
		{06DC113C-E5FE-421F-A49A-38F9E55A6B67}.Release|x64.ActiveCfg = Release|Any CPU
		{06DC113C-E5FE-421F-A49A-38F9E55A6B67}.Release|x64.Build.0 = Release|Any CPU
		{06DC113C-E5FE-421F-A49A-38F9E55A6B67}.Release|x86.ActiveCfg = Release|Any CPU
		{06DC113C-E5FE-421F-A49A-38F9E55A6B67}.Release|x86.Build.0 = Release|Any CPU
		{10411F00-5B22-4759-9CC5-B71FD57565DF}.Debug|Any CPU.ActiveCfg = Debug|Any CPU
		{10411F00-5B22-4759-9CC5-B71FD57565DF}.Debug|Any CPU.Build.0 = Debug|Any CPU
		{10411F00-5B22-4759-9CC5-B71FD57565DF}.Debug|x64.ActiveCfg = Debug|Any CPU
		{10411F00-5B22-4759-9CC5-B71FD57565DF}.Debug|x64.Build.0 = Debug|Any CPU
		{10411F00-5B22-4759-9CC5-B71FD57565DF}.Debug|x86.ActiveCfg = Debug|Any CPU
		{10411F00-5B22-4759-9CC5-B71FD57565DF}.Debug|x86.Build.0 = Debug|Any CPU
		{10411F00-5B22-4759-9CC5-B71FD57565DF}.Diagnostic|Any CPU.ActiveCfg = Debug|Any CPU
		{10411F00-5B22-4759-9CC5-B71FD57565DF}.Diagnostic|Any CPU.Build.0 = Debug|Any CPU
		{10411F00-5B22-4759-9CC5-B71FD57565DF}.Diagnostic|x64.ActiveCfg = Debug|Any CPU
		{10411F00-5B22-4759-9CC5-B71FD57565DF}.Diagnostic|x64.Build.0 = Debug|Any CPU
		{10411F00-5B22-4759-9CC5-B71FD57565DF}.Diagnostic|x86.ActiveCfg = Debug|Any CPU
		{10411F00-5B22-4759-9CC5-B71FD57565DF}.Diagnostic|x86.Build.0 = Debug|Any CPU
		{10411F00-5B22-4759-9CC5-B71FD57565DF}.Release|Any CPU.ActiveCfg = Release|Any CPU
		{10411F00-5B22-4759-9CC5-B71FD57565DF}.Release|Any CPU.Build.0 = Release|Any CPU
		{10411F00-5B22-4759-9CC5-B71FD57565DF}.Release|x64.ActiveCfg = Release|Any CPU
		{10411F00-5B22-4759-9CC5-B71FD57565DF}.Release|x64.Build.0 = Release|Any CPU
		{10411F00-5B22-4759-9CC5-B71FD57565DF}.Release|x86.ActiveCfg = Release|Any CPU
		{10411F00-5B22-4759-9CC5-B71FD57565DF}.Release|x86.Build.0 = Release|Any CPU
	EndGlobalSection
	GlobalSection(SolutionProperties) = preSolution
		HideSolutionNode = FALSE
	EndGlobalSection
	GlobalSection(ExtensibilityGlobals) = postSolution
		SolutionGuid = {829AAB32-5339-4834-A168-F841790C6C82}
	EndGlobalSection
EndGlobal
